
Microsoft Visual Studio Solution File, Format Version 12.00
# Visual Studio 15
VisualStudioVersion = 15.0.27004.2008
MinimumVisualStudioVersion = 10.0.40219.1
Project("{FAE04EC0-301F-11D3-BF4B-00C04F79EFBC}") = "RSA", "RSA\RSA.csproj", "{A3D7CD67-EC39-4F8F-B422-DA83C869917C}"
EndProject
Project("{FAE04EC0-301F-11D3-BF4B-00C04F79EFBC}") = "BigInteger", "BigInteger\BigInteger.csproj", "{FA7AFA7E-3EA3-49D4-9028-8A3E4075F4D2}"
EndProject
Project("{FAE04EC0-301F-11D3-BF4B-00C04F79EFBC}") = "BigInteger.Tests", "BigInteger.Tests\BigInteger.Tests.csproj", "{48E51DED-95DC-43DA-A829-BD3687CA13F0}"
EndProject
Global
	GlobalSection(SolutionConfigurationPlatforms) = preSolution
		Debug|Any CPU = Debug|Any CPU
		Release|Any CPU = Release|Any CPU
	EndGlobalSection
	GlobalSection(ProjectConfigurationPlatforms) = postSolution
		{A3D7CD67-EC39-4F8F-B422-DA83C869917C}.Debug|Any CPU.ActiveCfg = Debug|Any CPU
		{A3D7CD67-EC39-4F8F-B422-DA83C869917C}.Debug|Any CPU.Build.0 = Debug|Any CPU
		{A3D7CD67-EC39-4F8F-B422-DA83C869917C}.Release|Any CPU.ActiveCfg = Release|Any CPU
		{A3D7CD67-EC39-4F8F-B422-DA83C869917C}.Release|Any CPU.Build.0 = Release|Any CPU
		{FA7AFA7E-3EA3-49D4-9028-8A3E4075F4D2}.Debug|Any CPU.ActiveCfg = Debug|Any CPU
		{FA7AFA7E-3EA3-49D4-9028-8A3E4075F4D2}.Debug|Any CPU.Build.0 = Debug|Any CPU
		{FA7AFA7E-3EA3-49D4-9028-8A3E4075F4D2}.Release|Any CPU.ActiveCfg = Release|Any CPU
		{FA7AFA7E-3EA3-49D4-9028-8A3E4075F4D2}.Release|Any CPU.Build.0 = Release|Any CPU
		{48E51DED-95DC-43DA-A829-BD3687CA13F0}.Debug|Any CPU.ActiveCfg = Debug|Any CPU
		{48E51DED-95DC-43DA-A829-BD3687CA13F0}.Debug|Any CPU.Build.0 = Debug|Any CPU
		{48E51DED-95DC-43DA-A829-BD3687CA13F0}.Release|Any CPU.ActiveCfg = Release|Any CPU
		{48E51DED-95DC-43DA-A829-BD3687CA13F0}.Release|Any CPU.Build.0 = Release|Any CPU
	EndGlobalSection
	GlobalSection(SolutionProperties) = preSolution
		HideSolutionNode = FALSE
	EndGlobalSection
	GlobalSection(ExtensibilityGlobals) = postSolution
		SolutionGuid = {4B6F650D-8C11-41EC-AC63-8D3B7DE4274E}
	EndGlobalSection
EndGlobal
